
Microsoft Visual Studio Solution File, Format Version 12.00
# Visual Studio Version 16
VisualStudioVersion = 16.0.28922.388
MinimumVisualStudioVersion = 10.0.40219.1
Project("{9A19103F-16F7-4668-BE54-9A1E7A4F7556}") = "Splitter", "ReSplit Tools\Splitter.csproj", "{9801BD48-EB34-41FF-B885-637C98CF421B}"
EndProject
Project("{FAE04EC0-301F-11D3-BF4B-00C04F79EFBC}") = "Ts2MeshGrapher", "Ts2MeshGrapher\Ts2MeshGrapher.csproj", "{A32F8778-4144-42B9-8075-1FE3A77785B9}"
EndProject
Project("{FAE04EC0-301F-11D3-BF4B-00C04F79EFBC}") = "SplitterV2", "SplitterV2\SplitterV2.csproj", "{7E998FA1-7331-4764-A2A7-0BB604FEE865}"
EndProject
Project("{FAE04EC0-301F-11D3-BF4B-00C04F79EFBC}") = "Spindle", "Spindle\Spindle.csproj", "{8D49A99C-ED55-471C-9993-E81553C485EB}"
EndProject
Project("{FAE04EC0-301F-11D3-BF4B-00C04F79EFBC}") = "TS2Img", "TS2Img\TS2Img.csproj", "{B74CA577-4247-40EC-AA28-CB581546008A}"
EndProject
Global
	GlobalSection(SolutionConfigurationPlatforms) = preSolution
		Debug|Any CPU = Debug|Any CPU
		Release|Any CPU = Release|Any CPU
	EndGlobalSection
	GlobalSection(ProjectConfigurationPlatforms) = postSolution
		{9801BD48-EB34-41FF-B885-637C98CF421B}.Debug|Any CPU.ActiveCfg = Debug|Any CPU
		{9801BD48-EB34-41FF-B885-637C98CF421B}.Debug|Any CPU.Build.0 = Debug|Any CPU
		{9801BD48-EB34-41FF-B885-637C98CF421B}.Release|Any CPU.ActiveCfg = Release|Any CPU
		{9801BD48-EB34-41FF-B885-637C98CF421B}.Release|Any CPU.Build.0 = Release|Any CPU
		{A32F8778-4144-42B9-8075-1FE3A77785B9}.Debug|Any CPU.ActiveCfg = Debug|Any CPU
		{A32F8778-4144-42B9-8075-1FE3A77785B9}.Debug|Any CPU.Build.0 = Debug|Any CPU
		{A32F8778-4144-42B9-8075-1FE3A77785B9}.Release|Any CPU.ActiveCfg = Release|Any CPU
		{A32F8778-4144-42B9-8075-1FE3A77785B9}.Release|Any CPU.Build.0 = Release|Any CPU
		{7E998FA1-7331-4764-A2A7-0BB604FEE865}.Debug|Any CPU.ActiveCfg = Debug|Any CPU
		{7E998FA1-7331-4764-A2A7-0BB604FEE865}.Debug|Any CPU.Build.0 = Debug|Any CPU
		{7E998FA1-7331-4764-A2A7-0BB604FEE865}.Release|Any CPU.ActiveCfg = Release|Any CPU
		{7E998FA1-7331-4764-A2A7-0BB604FEE865}.Release|Any CPU.Build.0 = Release|Any CPU
		{8D49A99C-ED55-471C-9993-E81553C485EB}.Debug|Any CPU.ActiveCfg = Debug|Any CPU
		{8D49A99C-ED55-471C-9993-E81553C485EB}.Debug|Any CPU.Build.0 = Debug|Any CPU
		{8D49A99C-ED55-471C-9993-E81553C485EB}.Release|Any CPU.ActiveCfg = Release|Any CPU
		{8D49A99C-ED55-471C-9993-E81553C485EB}.Release|Any CPU.Build.0 = Release|Any CPU
		{B74CA577-4247-40EC-AA28-CB581546008A}.Debug|Any CPU.ActiveCfg = Debug|Any CPU
		{B74CA577-4247-40EC-AA28-CB581546008A}.Debug|Any CPU.Build.0 = Debug|Any CPU
		{B74CA577-4247-40EC-AA28-CB581546008A}.Release|Any CPU.ActiveCfg = Release|Any CPU
		{B74CA577-4247-40EC-AA28-CB581546008A}.Release|Any CPU.Build.0 = Release|Any CPU
	EndGlobalSection
	GlobalSection(SolutionProperties) = preSolution
		HideSolutionNode = FALSE
	EndGlobalSection
	GlobalSection(ExtensibilityGlobals) = postSolution
		SolutionGuid = {E55F6421-C2CD-4C82-B9DF-7A25F4CF0AD5}
	EndGlobalSection
EndGlobal
